// !$*UTF8*$!
{
	archiveVersion = 1;
	classes = {
	};
	objectVersion = 77;
	objects = {

/* Begin PBXBuildFile section */
		6169E80F2D5CDFFF0033FBD2 /* CoreData.framework in Frameworks */ = {isa = PBXBuildFile; fileRef = 6169E80E2D5CDFFF0033FBD2 /* CoreData.framework */; };
		61FCE33D2D6282420007FECB /* FirebaseAnalytics in Frameworks */ = {isa = PBXBuildFile; productRef = 61FCE33C2D6282420007FECB /* FirebaseAnalytics */; };
		61FCE33F2D6282420007FECB /* FirebaseAnalyticsOnDeviceConversion in Frameworks */ = {isa = PBXBuildFile; productRef = 61FCE33E2D6282420007FECB /* FirebaseAnalyticsOnDeviceConversion */; };
		61FCE3412D6282420007FECB /* FirebaseAnalyticsWithoutAdIdSupport in Frameworks */ = {isa = PBXBuildFile; productRef = 61FCE3402D6282420007FECB /* FirebaseAnalyticsWithoutAdIdSupport */; };
		61FCE3432D6282420007FECB /* FirebaseAppCheck in Frameworks */ = {isa = PBXBuildFile; productRef = 61FCE3422D6282420007FECB /* FirebaseAppCheck */; };
		61FCE3452D6282420007FECB /* FirebaseAppDistribution-Beta in Frameworks */ = {isa = PBXBuildFile; productRef = 61FCE3442D6282420007FECB /* FirebaseAppDistribution-Beta */; };
		61FCE3472D6282420007FECB /* FirebaseAuth in Frameworks */ = {isa = PBXBuildFile; productRef = 61FCE3462D6282420007FECB /* FirebaseAuth */; };
		61FCE3492D6282420007FECB /* FirebaseAuthCombine-Community in Frameworks */ = {isa = PBXBuildFile; productRef = 61FCE3482D6282420007FECB /* FirebaseAuthCombine-Community */; };
		61FCE34B2D6282420007FECB /* FirebaseCore in Frameworks */ = {isa = PBXBuildFile; productRef = 61FCE34A2D6282420007FECB /* FirebaseCore */; };
		61FCE34D2D6282420007FECB /* FirebaseCrashlytics in Frameworks */ = {isa = PBXBuildFile; productRef = 61FCE34C2D6282420007FECB /* FirebaseCrashlytics */; };
		61FCE34F2D6282420007FECB /* FirebaseDatabase in Frameworks */ = {isa = PBXBuildFile; productRef = 61FCE34E2D6282420007FECB /* FirebaseDatabase */; };
		61FCE3512D6282420007FECB /* FirebaseDynamicLinks in Frameworks */ = {isa = PBXBuildFile; productRef = 61FCE3502D6282420007FECB /* FirebaseDynamicLinks */; };
		61FCE3532D6282420007FECB /* FirebaseFirestore in Frameworks */ = {isa = PBXBuildFile; productRef = 61FCE3522D6282420007FECB /* FirebaseFirestore */; };
		61FCE3552D6282420007FECB /* FirebaseFirestoreCombine-Community in Frameworks */ = {isa = PBXBuildFile; productRef = 61FCE3542D6282420007FECB /* FirebaseFirestoreCombine-Community */; };
		61FCE3572D6282420007FECB /* FirebaseFunctions in Frameworks */ = {isa = PBXBuildFile; productRef = 61FCE3562D6282420007FECB /* FirebaseFunctions */; };
		61FCE3592D6282420007FECB /* FirebaseFunctionsCombine-Community in Frameworks */ = {isa = PBXBuildFile; productRef = 61FCE3582D6282420007FECB /* FirebaseFunctionsCombine-Community */; };
		61FCE35B2D6282420007FECB /* FirebaseInAppMessaging-Beta in Frameworks */ = {isa = PBXBuildFile; productRef = 61FCE35A2D6282420007FECB /* FirebaseInAppMessaging-Beta */; };
		61FCE35D2D6282420007FECB /* FirebaseInstallations in Frameworks */ = {isa = PBXBuildFile; productRef = 61FCE35C2D6282420007FECB /* FirebaseInstallations */; };
		61FCE35F2D6282420007FECB /* FirebaseMessaging in Frameworks */ = {isa = PBXBuildFile; productRef = 61FCE35E2D6282420007FECB /* FirebaseMessaging */; };
		61FCE3612D6282420007FECB /* FirebaseMLModelDownloader in Frameworks */ = {isa = PBXBuildFile; productRef = 61FCE3602D6282420007FECB /* FirebaseMLModelDownloader */; };
		61FCE3632D6282420007FECB /* FirebasePerformance in Frameworks */ = {isa = PBXBuildFile; productRef = 61FCE3622D6282420007FECB /* FirebasePerformance */; };
		61FCE3652D6282430007FECB /* FirebaseRemoteConfig in Frameworks */ = {isa = PBXBuildFile; productRef = 61FCE3642D6282430007FECB /* FirebaseRemoteConfig */; };
		61FCE3672D6282430007FECB /* FirebaseStorage in Frameworks */ = {isa = PBXBuildFile; productRef = 61FCE3662D6282430007FECB /* FirebaseStorage */; };
		61FCE3692D6282430007FECB /* FirebaseStorageCombine-Community in Frameworks */ = {isa = PBXBuildFile; productRef = 61FCE3682D6282430007FECB /* FirebaseStorageCombine-Community */; };
		61FCE36B2D6282430007FECB /* FirebaseVertexAI in Frameworks */ = {isa = PBXBuildFile; productRef = 61FCE36A2D6282430007FECB /* FirebaseVertexAI */; };
		61FCE36D2D62824A0007FECB /* GoogleSignIn in Frameworks */ = {isa = PBXBuildFile; productRef = 61FCE36C2D62824A0007FECB /* GoogleSignIn */; };
		61FCE36F2D62824A0007FECB /* GoogleSignInSwift in Frameworks */ = {isa = PBXBuildFile; productRef = 61FCE36E2D62824A0007FECB /* GoogleSignInSwift */; };
/* End PBXBuildFile section */

/* Begin PBXContainerItemProxy section */
		616EB2E72D5A7F0E0077EA0E /* PBXContainerItemProxy */ = {
			isa = PBXContainerItemProxy;
			containerPortal = 616EB2CE2D5A7F0C0077EA0E /* Project object */;
			proxyType = 1;
			remoteGlobalIDString = 616EB2D52D5A7F0C0077EA0E;
			remoteInfo = Diploma;
		};
		616EB2F12D5A7F0E0077EA0E /* PBXContainerItemProxy */ = {
			isa = PBXContainerItemProxy;
			containerPortal = 616EB2CE2D5A7F0C0077EA0E /* Project object */;
			proxyType = 1;
			remoteGlobalIDString = 616EB2D52D5A7F0C0077EA0E;
			remoteInfo = Diploma;
		};
/* End PBXContainerItemProxy section */

/* Begin PBXFileReference section */
		6169E80E2D5CDFFF0033FBD2 /* CoreData.framework */ = {isa = PBXFileReference; lastKnownFileType = wrapper.framework; name = CoreData.framework; path = System/Library/Frameworks/CoreData.framework; sourceTree = SDKROOT; };
		6169E8102D5CE0470033FBD2 /* Diploma.xcodeproj */ = {isa = PBXFileReference; lastKnownFileType = "wrapper.pb-project"; path = Diploma.xcodeproj; sourceTree = "<group>"; };
		616EB2D62D5A7F0C0077EA0E /* Diploma.app */ = {isa = PBXFileReference; explicitFileType = wrapper.application; includeInIndex = 0; path = Diploma.app; sourceTree = BUILT_PRODUCTS_DIR; };
		616EB2E62D5A7F0E0077EA0E /* DiplomaTests.xctest */ = {isa = PBXFileReference; explicitFileType = wrapper.cfbundle; includeInIndex = 0; path = DiplomaTests.xctest; sourceTree = BUILT_PRODUCTS_DIR; };
		616EB2F02D5A7F0E0077EA0E /* DiplomaUITests.xctest */ = {isa = PBXFileReference; explicitFileType = wrapper.cfbundle; includeInIndex = 0; path = DiplomaUITests.xctest; sourceTree = BUILT_PRODUCTS_DIR; };
/* End PBXFileReference section */

/* Begin PBXFileSystemSynchronizedBuildFileExceptionSet section */
		616EB3372D5AA1980077EA0E /* Exceptions for "Diploma" folder in "Diploma" target */ = {
			isa = PBXFileSystemSynchronizedBuildFileExceptionSet;
			membershipExceptions = (
				firebase.json,
				firestore.indexes.json,
				firestore.rules,
				Info.plist,
				Podfile,
				"Preview Content/Preview Assets.xcassets",
				Resources/Assets.xcassets,
			);
			target = 616EB2D52D5A7F0C0077EA0E /* Diploma */;
		};
		616EB4682D5ACA5C0077EA0E /* Exceptions for "Diploma" folder in "DiplomaTests" target */ = {
			isa = PBXFileSystemSynchronizedBuildFileExceptionSet;
			membershipExceptions = (
				"GoogleService-Info.plist",
			);
			target = 616EB2E52D5A7F0E0077EA0E /* DiplomaTests */;
		};
		616EB4692D5ACA5C0077EA0E /* Exceptions for "Diploma" folder in "DiplomaUITests" target */ = {
			isa = PBXFileSystemSynchronizedBuildFileExceptionSet;
			membershipExceptions = (
				"GoogleService-Info.plist",
			);
			target = 616EB2EF2D5A7F0E0077EA0E /* DiplomaUITests */;
		};
/* End PBXFileSystemSynchronizedBuildFileExceptionSet section */

/* Begin PBXFileSystemSynchronizedRootGroup section */
		616EB2D82D5A7F0C0077EA0E /* Diploma */ = {
			isa = PBXFileSystemSynchronizedRootGroup;
			exceptions = (
				616EB3372D5AA1980077EA0E /* Exceptions for "Diploma" folder in "Diploma" target */,
				616EB4682D5ACA5C0077EA0E /* Exceptions for "Diploma" folder in "DiplomaTests" target */,
				616EB4692D5ACA5C0077EA0E /* Exceptions for "Diploma" folder in "DiplomaUITests" target */,
			);
			path = Diploma;
			sourceTree = "<group>";
		};
		616EB2E92D5A7F0E0077EA0E /* DiplomaTests */ = {
			isa = PBXFileSystemSynchronizedRootGroup;
			path = DiplomaTests;
			sourceTree = "<group>";
		};
		616EB2F32D5A7F0E0077EA0E /* DiplomaUITests */ = {
			isa = PBXFileSystemSynchronizedRootGroup;
			path = DiplomaUITests;
			sourceTree = "<group>";
		};
/* End PBXFileSystemSynchronizedRootGroup section */

/* Begin PBXFrameworksBuildPhase section */
		616EB2D32D5A7F0C0077EA0E /* Frameworks */ = {
			isa = PBXFrameworksBuildPhase;
			buildActionMask = 2147483647;
			files = (
				61FCE33D2D6282420007FECB /* FirebaseAnalytics in Frameworks */,
				61FCE3532D6282420007FECB /* FirebaseFirestore in Frameworks */,
				61FCE33F2D6282420007FECB /* FirebaseAnalyticsOnDeviceConversion in Frameworks */,
				61FCE36D2D62824A0007FECB /* GoogleSignIn in Frameworks */,
				61FCE35D2D6282420007FECB /* FirebaseInstallations in Frameworks */,
				6169E80F2D5CDFFF0033FBD2 /* CoreData.framework in Frameworks */,
				61FCE3432D6282420007FECB /* FirebaseAppCheck in Frameworks */,
				61FCE35B2D6282420007FECB /* FirebaseInAppMessaging-Beta in Frameworks */,
				61FCE3612D6282420007FECB /* FirebaseMLModelDownloader in Frameworks */,
				61FCE36F2D62824A0007FECB /* GoogleSignInSwift in Frameworks */,
				61FCE3412D6282420007FECB /* FirebaseAnalyticsWithoutAdIdSupport in Frameworks */,
				61FCE35F2D6282420007FECB /* FirebaseMessaging in Frameworks */,
				61FCE3692D6282430007FECB /* FirebaseStorageCombine-Community in Frameworks */,
				61FCE3472D6282420007FECB /* FirebaseAuth in Frameworks */,
				61FCE36B2D6282430007FECB /* FirebaseVertexAI in Frameworks */,
				61FCE3672D6282430007FECB /* FirebaseStorage in Frameworks */,
				61FCE3652D6282430007FECB /* FirebaseRemoteConfig in Frameworks */,
				61FCE3592D6282420007FECB /* FirebaseFunctionsCombine-Community in Frameworks */,
				61FCE3452D6282420007FECB /* FirebaseAppDistribution-Beta in Frameworks */,
				61FCE34D2D6282420007FECB /* FirebaseCrashlytics in Frameworks */,
				61FCE3632D6282420007FECB /* FirebasePerformance in Frameworks */,
				61FCE34F2D6282420007FECB /* FirebaseDatabase in Frameworks */,
				61FCE34B2D6282420007FECB /* FirebaseCore in Frameworks */,
				61FCE3492D6282420007FECB /* FirebaseAuthCombine-Community in Frameworks */,
				61FCE3572D6282420007FECB /* FirebaseFunctions in Frameworks */,
				61FCE3512D6282420007FECB /* FirebaseDynamicLinks in Frameworks */,
				61FCE3552D6282420007FECB /* FirebaseFirestoreCombine-Community in Frameworks */,
			);
			runOnlyForDeploymentPostprocessing = 0;
		};
		616EB2E32D5A7F0E0077EA0E /* Frameworks */ = {
			isa = PBXFrameworksBuildPhase;
			buildActionMask = 2147483647;
			files = (
			);
			runOnlyForDeploymentPostprocessing = 0;
		};
		616EB2ED2D5A7F0E0077EA0E /* Frameworks */ = {
			isa = PBXFrameworksBuildPhase;
			buildActionMask = 2147483647;
			files = (
			);
			runOnlyForDeploymentPostprocessing = 0;
		};
/* End PBXFrameworksBuildPhase section */

/* Begin PBXGroup section */
		6169E80D2D5CDFFF0033FBD2 /* Frameworks */ = {
			isa = PBXGroup;
			children = (
				6169E80E2D5CDFFF0033FBD2 /* CoreData.framework */,
			);
			name = Frameworks;
			sourceTree = "<group>";
		};
		6169E8112D5CE0470033FBD2 /* Products */ = {
			isa = PBXGroup;
			children = (
			);
			name = Products;
			sourceTree = "<group>";
		};
		616EB2CD2D5A7F0C0077EA0E = {
			isa = PBXGroup;
			children = (
				616EB2D82D5A7F0C0077EA0E /* Diploma */,
				616EB2E92D5A7F0E0077EA0E /* DiplomaTests */,
				616EB2F32D5A7F0E0077EA0E /* DiplomaUITests */,
				6169E80D2D5CDFFF0033FBD2 /* Frameworks */,
				616EB2D72D5A7F0C0077EA0E /* Products */,
				BF7ABD657BC9ACBDA00AE55B /* Pods */,
			);
			sourceTree = "<group>";
		};
		616EB2D72D5A7F0C0077EA0E /* Products */ = {
			isa = PBXGroup;
			children = (
				616EB2D62D5A7F0C0077EA0E /* Diploma.app */,
				616EB2E62D5A7F0E0077EA0E /* DiplomaTests.xctest */,
				616EB2F02D5A7F0E0077EA0E /* DiplomaUITests.xctest */,
			);
			name = Products;
			sourceTree = "<group>";
		};
		BF7ABD657BC9ACBDA00AE55B /* Pods */ = {
			isa = PBXGroup;
			children = (
			);
			path = Pods;
			sourceTree = "<group>";
		};
/* End PBXGroup section */

/* Begin PBXNativeTarget section */
		616EB2D52D5A7F0C0077EA0E /* Diploma */ = {
			isa = PBXNativeTarget;
			buildConfigurationList = 616EB2FA2D5A7F0E0077EA0E /* Build configuration list for PBXNativeTarget "Diploma" */;
			buildPhases = (
				616EB2D22D5A7F0C0077EA0E /* Sources */,
				616EB2D32D5A7F0C0077EA0E /* Frameworks */,
				616EB2D42D5A7F0C0077EA0E /* Resources */,
			);
			buildRules = (
			);
			dependencies = (
			);
			fileSystemSynchronizedGroups = (
				616EB2D82D5A7F0C0077EA0E /* Diploma */,
			);
			name = Diploma;
			productName = Diploma;
			productReference = 616EB2D62D5A7F0C0077EA0E /* Diploma.app */;
			productType = "com.apple.product-type.application";
		};
		616EB2E52D5A7F0E0077EA0E /* DiplomaTests */ = {
			isa = PBXNativeTarget;
			buildConfigurationList = 616EB2FD2D5A7F0E0077EA0E /* Build configuration list for PBXNativeTarget "DiplomaTests" */;
			buildPhases = (
				616EB2E22D5A7F0E0077EA0E /* Sources */,
				616EB2E32D5A7F0E0077EA0E /* Frameworks */,
				616EB2E42D5A7F0E0077EA0E /* Resources */,
			);
			buildRules = (
			);
			dependencies = (
				616EB2E82D5A7F0E0077EA0E /* PBXTargetDependency */,
			);
			fileSystemSynchronizedGroups = (
				616EB2E92D5A7F0E0077EA0E /* DiplomaTests */,
			);
			name = DiplomaTests;
			productName = DiplomaTests;
			productReference = 616EB2E62D5A7F0E0077EA0E /* DiplomaTests.xctest */;
			productType = "com.apple.product-type.bundle.unit-test";
		};
		616EB2EF2D5A7F0E0077EA0E /* DiplomaUITests */ = {
			isa = PBXNativeTarget;
			buildConfigurationList = 616EB3002D5A7F0E0077EA0E /* Build configuration list for PBXNativeTarget "DiplomaUITests" */;
			buildPhases = (
				616EB2EC2D5A7F0E0077EA0E /* Sources */,
				616EB2ED2D5A7F0E0077EA0E /* Frameworks */,
				616EB2EE2D5A7F0E0077EA0E /* Resources */,
			);
			buildRules = (
			);
			dependencies = (
				616EB2F22D5A7F0E0077EA0E /* PBXTargetDependency */,
			);
			fileSystemSynchronizedGroups = (
				616EB2F32D5A7F0E0077EA0E /* DiplomaUITests */,
			);
			name = DiplomaUITests;
			productName = DiplomaUITests;
			productReference = 616EB2F02D5A7F0E0077EA0E /* DiplomaUITests.xctest */;
			productType = "com.apple.product-type.bundle.ui-testing";
		};
/* End PBXNativeTarget section */

/* Begin PBXProject section */
		616EB2CE2D5A7F0C0077EA0E /* Project object */ = {
			isa = PBXProject;
			attributes = {
				BuildIndependentTargetsInParallel = 1;
				LastSwiftUpdateCheck = 1610;
				LastUpgradeCheck = 1610;
				TargetAttributes = {
					616EB2D52D5A7F0C0077EA0E = {
						CreatedOnToolsVersion = 16.1;
					};
					616EB2E52D5A7F0E0077EA0E = {
						CreatedOnToolsVersion = 16.1;
						TestTargetID = 616EB2D52D5A7F0C0077EA0E;
					};
					616EB2EF2D5A7F0E0077EA0E = {
						CreatedOnToolsVersion = 16.1;
						TestTargetID = 616EB2D52D5A7F0C0077EA0E;
					};
				};
			};
			buildConfigurationList = 616EB2D12D5A7F0C0077EA0E /* Build configuration list for PBXProject "Diploma" */;
			developmentRegion = en;
			hasScannedForEncodings = 0;
			knownRegions = (
				en,
				Base,
			);
			mainGroup = 616EB2CD2D5A7F0C0077EA0E;
			minimizedProjectReferenceProxies = 1;
			packageReferences = (
				617E1FD62D6BA99000896075 /* XCRemoteSwiftPackageReference "firebase-ios-sdk" */,
				617E208E2D6BAEF800896075 /* XCRemoteSwiftPackageReference "GoogleSignIn-iOS" */,
			);
			preferredProjectObjectVersion = 77;
			productRefGroup = 616EB2D72D5A7F0C0077EA0E /* Products */;
			projectDirPath = "";
			projectReferences = (
				{
					ProductGroup = 6169E8112D5CE0470033FBD2 /* Products */;
					ProjectRef = 6169E8102D5CE0470033FBD2 /* Diploma.xcodeproj */;
				},
			);
			projectRoot = "";
			targets = (
				616EB2D52D5A7F0C0077EA0E /* Diploma */,
				616EB2E52D5A7F0E0077EA0E /* DiplomaTests */,
				616EB2EF2D5A7F0E0077EA0E /* DiplomaUITests */,
			);
		};
/* End PBXProject section */

/* Begin PBXResourcesBuildPhase section */
		616EB2D42D5A7F0C0077EA0E /* Resources */ = {
			isa = PBXResourcesBuildPhase;
			buildActionMask = 2147483647;
			files = (
			);
			runOnlyForDeploymentPostprocessing = 0;
		};
		616EB2E42D5A7F0E0077EA0E /* Resources */ = {
			isa = PBXResourcesBuildPhase;
			buildActionMask = 2147483647;
			files = (
			);
			runOnlyForDeploymentPostprocessing = 0;
		};
		616EB2EE2D5A7F0E0077EA0E /* Resources */ = {
			isa = PBXResourcesBuildPhase;
			buildActionMask = 2147483647;
			files = (
			);
			runOnlyForDeploymentPostprocessing = 0;
		};
/* End PBXResourcesBuildPhase section */

/* Begin PBXSourcesBuildPhase section */
		616EB2D22D5A7F0C0077EA0E /* Sources */ = {
			isa = PBXSourcesBuildPhase;
			buildActionMask = 2147483647;
			files = (
			);
			runOnlyForDeploymentPostprocessing = 0;
		};
		616EB2E22D5A7F0E0077EA0E /* Sources */ = {
			isa = PBXSourcesBuildPhase;
			buildActionMask = 2147483647;
			files = (
			);
			runOnlyForDeploymentPostprocessing = 0;
		};
		616EB2EC2D5A7F0E0077EA0E /* Sources */ = {
			isa = PBXSourcesBuildPhase;
			buildActionMask = 2147483647;
			files = (
			);
			runOnlyForDeploymentPostprocessing = 0;
		};
/* End PBXSourcesBuildPhase section */

/* Begin PBXTargetDependency section */
		616EB2E82D5A7F0E0077EA0E /* PBXTargetDependency */ = {
			isa = PBXTargetDependency;
			target = 616EB2D52D5A7F0C0077EA0E /* Diploma */;
			targetProxy = 616EB2E72D5A7F0E0077EA0E /* PBXContainerItemProxy */;
		};
		616EB2F22D5A7F0E0077EA0E /* PBXTargetDependency */ = {
			isa = PBXTargetDependency;
			target = 616EB2D52D5A7F0C0077EA0E /* Diploma */;
			targetProxy = 616EB2F12D5A7F0E0077EA0E /* PBXContainerItemProxy */;
		};
/* End PBXTargetDependency section */

/* Begin XCBuildConfiguration section */
		616EB2F82D5A7F0E0077EA0E /* Debug */ = {
			isa = XCBuildConfiguration;
			buildSettings = {
				ALWAYS_SEARCH_USER_PATHS = NO;
				ASSETCATALOG_COMPILER_GENERATE_SWIFT_ASSET_SYMBOL_EXTENSIONS = YES;
				CLANG_ANALYZER_NONNULL = YES;
				CLANG_ANALYZER_NUMBER_OBJECT_CONVERSION = YES_AGGRESSIVE;
				CLANG_CXX_LANGUAGE_STANDARD = "gnu++20";
				CLANG_ENABLE_MODULES = YES;
				CLANG_ENABLE_OBJC_ARC = YES;
				CLANG_ENABLE_OBJC_WEAK = YES;
				CLANG_WARN_BLOCK_CAPTURE_AUTORELEASING = YES;
				CLANG_WARN_BOOL_CONVERSION = YES;
				CLANG_WARN_COMMA = YES;
				CLANG_WARN_CONSTANT_CONVERSION = YES;
				CLANG_WARN_DEPRECATED_OBJC_IMPLEMENTATIONS = YES;
				CLANG_WARN_DIRECT_OBJC_ISA_USAGE = YES_ERROR;
				CLANG_WARN_DOCUMENTATION_COMMENTS = YES;
				CLANG_WARN_EMPTY_BODY = YES;
				CLANG_WARN_ENUM_CONVERSION = YES;
				CLANG_WARN_INFINITE_RECURSION = YES;
				CLANG_WARN_INT_CONVERSION = YES;
				CLANG_WARN_NON_LITERAL_NULL_CONVERSION = YES;
				CLANG_WARN_OBJC_IMPLICIT_RETAIN_SELF = YES;
				CLANG_WARN_OBJC_LITERAL_CONVERSION = YES;
				CLANG_WARN_OBJC_ROOT_CLASS = YES_ERROR;
				CLANG_WARN_QUOTED_INCLUDE_IN_FRAMEWORK_HEADER = YES;
				CLANG_WARN_RANGE_LOOP_ANALYSIS = YES;
				CLANG_WARN_STRICT_PROTOTYPES = YES;
				CLANG_WARN_SUSPICIOUS_MOVE = YES;
				CLANG_WARN_UNGUARDED_AVAILABILITY = YES_AGGRESSIVE;
				CLANG_WARN_UNREACHABLE_CODE = YES;
				CLANG_WARN__DUPLICATE_METHOD_MATCH = YES;
				COPY_PHASE_STRIP = NO;
				DEBUG_INFORMATION_FORMAT = dwarf;
				ENABLE_STRICT_OBJC_MSGSEND = YES;
				ENABLE_TESTABILITY = YES;
				ENABLE_USER_SCRIPT_SANDBOXING = YES;
				GCC_C_LANGUAGE_STANDARD = gnu17;
				GCC_DYNAMIC_NO_PIC = NO;
				GCC_NO_COMMON_BLOCKS = YES;
				GCC_OPTIMIZATION_LEVEL = 0;
				GCC_PREPROCESSOR_DEFINITIONS = (
					"DEBUG=1",
					"$(inherited)",
				);
				GCC_WARN_64_TO_32_BIT_CONVERSION = YES;
				GCC_WARN_ABOUT_RETURN_TYPE = YES_ERROR;
				GCC_WARN_UNDECLARED_SELECTOR = YES;
				GCC_WARN_UNINITIALIZED_AUTOS = YES_AGGRESSIVE;
				GCC_WARN_UNUSED_FUNCTION = YES;
				GCC_WARN_UNUSED_VARIABLE = YES;
				IPHONEOS_DEPLOYMENT_TARGET = 18.1;
				LOCALIZATION_PREFERS_STRING_CATALOGS = YES;
				MTL_ENABLE_DEBUG_INFO = INCLUDE_SOURCE;
				MTL_FAST_MATH = YES;
				ONLY_ACTIVE_ARCH = YES;
				SDKROOT = iphoneos;
				SWIFT_ACTIVE_COMPILATION_CONDITIONS = "DEBUG $(inherited)";
				SWIFT_OPTIMIZATION_LEVEL = "-Onone";
			};
			name = Debug;
		};
		616EB2F92D5A7F0E0077EA0E /* Release */ = {
			isa = XCBuildConfiguration;
			buildSettings = {
				ALWAYS_SEARCH_USER_PATHS = NO;
				ASSETCATALOG_COMPILER_GENERATE_SWIFT_ASSET_SYMBOL_EXTENSIONS = YES;
				CLANG_ANALYZER_NONNULL = YES;
				CLANG_ANALYZER_NUMBER_OBJECT_CONVERSION = YES_AGGRESSIVE;
				CLANG_CXX_LANGUAGE_STANDARD = "gnu++20";
				CLANG_ENABLE_MODULES = YES;
				CLANG_ENABLE_OBJC_ARC = YES;
				CLANG_ENABLE_OBJC_WEAK = YES;
				CLANG_WARN_BLOCK_CAPTURE_AUTORELEASING = YES;
				CLANG_WARN_BOOL_CONVERSION = YES;
				CLANG_WARN_COMMA = YES;
				CLANG_WARN_CONSTANT_CONVERSION = YES;
				CLANG_WARN_DEPRECATED_OBJC_IMPLEMENTATIONS = YES;
				CLANG_WARN_DIRECT_OBJC_ISA_USAGE = YES_ERROR;
				CLANG_WARN_DOCUMENTATION_COMMENTS = YES;
				CLANG_WARN_EMPTY_BODY = YES;
				CLANG_WARN_ENUM_CONVERSION = YES;
				CLANG_WARN_INFINITE_RECURSION = YES;
				CLANG_WARN_INT_CONVERSION = YES;
				CLANG_WARN_NON_LITERAL_NULL_CONVERSION = YES;
				CLANG_WARN_OBJC_IMPLICIT_RETAIN_SELF = YES;
				CLANG_WARN_OBJC_LITERAL_CONVERSION = YES;
				CLANG_WARN_OBJC_ROOT_CLASS = YES_ERROR;
				CLANG_WARN_QUOTED_INCLUDE_IN_FRAMEWORK_HEADER = YES;
				CLANG_WARN_RANGE_LOOP_ANALYSIS = YES;
				CLANG_WARN_STRICT_PROTOTYPES = YES;
				CLANG_WARN_SUSPICIOUS_MOVE = YES;
				CLANG_WARN_UNGUARDED_AVAILABILITY = YES_AGGRESSIVE;
				CLANG_WARN_UNREACHABLE_CODE = YES;
				CLANG_WARN__DUPLICATE_METHOD_MATCH = YES;
				COPY_PHASE_STRIP = NO;
				DEBUG_INFORMATION_FORMAT = "dwarf-with-dsym";
				ENABLE_NS_ASSERTIONS = NO;
				ENABLE_STRICT_OBJC_MSGSEND = YES;
				ENABLE_USER_SCRIPT_SANDBOXING = YES;
				GCC_C_LANGUAGE_STANDARD = gnu17;
				GCC_NO_COMMON_BLOCKS = YES;
				GCC_WARN_64_TO_32_BIT_CONVERSION = YES;
				GCC_WARN_ABOUT_RETURN_TYPE = YES_ERROR;
				GCC_WARN_UNDECLARED_SELECTOR = YES;
				GCC_WARN_UNINITIALIZED_AUTOS = YES_AGGRESSIVE;
				GCC_WARN_UNUSED_FUNCTION = YES;
				GCC_WARN_UNUSED_VARIABLE = YES;
				IPHONEOS_DEPLOYMENT_TARGET = 18.1;
				LOCALIZATION_PREFERS_STRING_CATALOGS = YES;
				MTL_ENABLE_DEBUG_INFO = NO;
				MTL_FAST_MATH = YES;
				SDKROOT = iphoneos;
				SWIFT_COMPILATION_MODE = wholemodule;
				VALIDATE_PRODUCT = YES;
			};
			name = Release;
		};
		616EB2FB2D5A7F0E0077EA0E /* Debug */ = {
			isa = XCBuildConfiguration;
			buildSettings = {
				ALWAYS_SEARCH_USER_PATHS = YES;
				ASSETCATALOG_COMPILER_APPICON_NAME = AppIcon;
				ASSETCATALOG_COMPILER_GLOBAL_ACCENT_COLOR_NAME = AccentColor;
				CODE_SIGN_IDENTITY = "Apple Development";
				CODE_SIGN_STYLE = Automatic;
				CURRENT_PROJECT_VERSION = 1;
				DEVELOPMENT_ASSET_PATHS = "\"Diploma/Preview Content\"";
				DEVELOPMENT_TEAM = 2AQ9W7SL2S;
				ENABLE_PREVIEWS = YES;
				GENERATE_INFOPLIST_FILE = YES;
				HEADER_SEARCH_PATHS = (
					"$(inherited)",
					"\"${PODS_CONFIGURATION_BUILD_DIR}/AppAuth/AppAuth.framework/Headers\"",
					"\"${PODS_CONFIGURATION_BUILD_DIR}/BoringSSL-GRPC/openssl_grpc.framework/Headers\"",
					"\"${PODS_CONFIGURATION_BUILD_DIR}/FirebaseAppCheckInterop/FirebaseAppCheckInterop.framework/Headers\"",
					"\"${PODS_CONFIGURATION_BUILD_DIR}/FirebaseAuth/FirebaseAuth.framework/Headers\"",
					"\"${PODS_CONFIGURATION_BUILD_DIR}/FirebaseAuthInterop/FirebaseAuthInterop.framework/Headers\"",
					"\"${PODS_CONFIGURATION_BUILD_DIR}/FirebaseCore/FirebaseCore.framework/Headers\"",
					"\"${PODS_CONFIGURATION_BUILD_DIR}/FirebaseCoreExtension/FirebaseCoreExtension.framework/Headers\"",
					"\"${PODS_CONFIGURATION_BUILD_DIR}/FirebaseCoreInternal/FirebaseCoreInternal.framework/Headers\"",
					"\"${PODS_CONFIGURATION_BUILD_DIR}/FirebaseFirestore/FirebaseFirestore.framework/Headers\"",
					"\"${PODS_CONFIGURATION_BUILD_DIR}/FirebaseFirestoreInternal/FirebaseFirestoreInternal.framework/Headers\"",
					"\"${PODS_CONFIGURATION_BUILD_DIR}/FirebaseSharedSwift/FirebaseSharedSwift.framework/Headers\"",
					"\"${PODS_CONFIGURATION_BUILD_DIR}/FirebaseStorage/FirebaseStorage.framework/Headers\"",
					"\"${PODS_CONFIGURATION_BUILD_DIR}/GTMAppAuth/GTMAppAuth.framework/Headers\"",
					"\"${PODS_CONFIGURATION_BUILD_DIR}/GTMSessionFetcher/GTMSessionFetcher.framework/Headers\"",
					"\"${PODS_CONFIGURATION_BUILD_DIR}/GoogleSignIn/GoogleSignIn.framework/Headers\"",
					"\"${PODS_CONFIGURATION_BUILD_DIR}/GoogleUtilities/GoogleUtilities.framework/Headers\"",
					"\"${PODS_CONFIGURATION_BUILD_DIR}/RecaptchaInterop/RecaptchaInterop.framework/Headers\"",
					"\"${PODS_CONFIGURATION_BUILD_DIR}/abseil/absl.framework/Headers\"",
					"\"${PODS_CONFIGURATION_BUILD_DIR}/gRPC-C++/grpcpp.framework/Headers\"",
					"\"${PODS_CONFIGURATION_BUILD_DIR}/gRPC-Core/grpc.framework/Headers\"",
					"\"${PODS_CONFIGURATION_BUILD_DIR}/leveldb-library/leveldb.framework/Headers\"",
					"\"${PODS_CONFIGURATION_BUILD_DIR}/nanopb/nanopb.framework/Headers\"",
					"$(SRCROOT)/Pods/nanopb",
				);
				INFOPLIST_FILE = Diploma/Info.plist;
				INFOPLIST_KEY_UIApplicationSceneManifest_Generation = YES;
				INFOPLIST_KEY_UIApplicationSupportsIndirectInputEvents = YES;
				INFOPLIST_KEY_UILaunchScreen_Generation = YES;
				INFOPLIST_KEY_UISupportedInterfaceOrientations_iPad = "UIInterfaceOrientationPortrait UIInterfaceOrientationPortraitUpsideDown UIInterfaceOrientationLandscapeLeft UIInterfaceOrientationLandscapeRight";
				INFOPLIST_KEY_UISupportedInterfaceOrientations_iPhone = "UIInterfaceOrientationPortrait UIInterfaceOrientationLandscapeLeft UIInterfaceOrientationLandscapeRight";
				LD_RUNPATH_SEARCH_PATHS = (
					"$(inherited)",
					"@executable_path/Frameworks",
				);
				MARKETING_VERSION = 1.0;
				PRODUCT_BUNDLE_IDENTIFIER = ios.Diploma;
				PRODUCT_NAME = "$(TARGET_NAME)";
				PROVISIONING_PROFILE_SPECIFIER = "";
				SWIFT_EMIT_LOC_STRINGS = YES;
				SWIFT_VERSION = 5.0;
				TARGETED_DEVICE_FAMILY = "1,2";
			};
			name = Debug;
		};
		616EB2FC2D5A7F0E0077EA0E /* Release */ = {
			isa = XCBuildConfiguration;
			buildSettings = {
				ALWAYS_SEARCH_USER_PATHS = YES;
				ASSETCATALOG_COMPILER_APPICON_NAME = AppIcon;
				ASSETCATALOG_COMPILER_GLOBAL_ACCENT_COLOR_NAME = AccentColor;
				CODE_SIGN_IDENTITY = "Apple Development";
				CODE_SIGN_STYLE = Automatic;
				CURRENT_PROJECT_VERSION = 1;
				DEVELOPMENT_ASSET_PATHS = "\"Diploma/Preview Content\"";
				DEVELOPMENT_TEAM = 2AQ9W7SL2S;
				ENABLE_PREVIEWS = YES;
				GENERATE_INFOPLIST_FILE = YES;
				HEADER_SEARCH_PATHS = (
					"$(inherited)",
					"\"${PODS_CONFIGURATION_BUILD_DIR}/AppAuth/AppAuth.framework/Headers\"",
					"\"${PODS_CONFIGURATION_BUILD_DIR}/BoringSSL-GRPC/openssl_grpc.framework/Headers\"",
					"\"${PODS_CONFIGURATION_BUILD_DIR}/FirebaseAppCheckInterop/FirebaseAppCheckInterop.framework/Headers\"",
					"\"${PODS_CONFIGURATION_BUILD_DIR}/FirebaseAuth/FirebaseAuth.framework/Headers\"",
					"\"${PODS_CONFIGURATION_BUILD_DIR}/FirebaseAuthInterop/FirebaseAuthInterop.framework/Headers\"",
					"\"${PODS_CONFIGURATION_BUILD_DIR}/FirebaseCore/FirebaseCore.framework/Headers\"",
					"\"${PODS_CONFIGURATION_BUILD_DIR}/FirebaseCoreExtension/FirebaseCoreExtension.framework/Headers\"",
					"\"${PODS_CONFIGURATION_BUILD_DIR}/FirebaseCoreInternal/FirebaseCoreInternal.framework/Headers\"",
					"\"${PODS_CONFIGURATION_BUILD_DIR}/FirebaseFirestore/FirebaseFirestore.framework/Headers\"",
					"\"${PODS_CONFIGURATION_BUILD_DIR}/FirebaseFirestoreInternal/FirebaseFirestoreInternal.framework/Headers\"",
					"\"${PODS_CONFIGURATION_BUILD_DIR}/FirebaseSharedSwift/FirebaseSharedSwift.framework/Headers\"",
					"\"${PODS_CONFIGURATION_BUILD_DIR}/FirebaseStorage/FirebaseStorage.framework/Headers\"",
					"\"${PODS_CONFIGURATION_BUILD_DIR}/GTMAppAuth/GTMAppAuth.framework/Headers\"",
					"\"${PODS_CONFIGURATION_BUILD_DIR}/GTMSessionFetcher/GTMSessionFetcher.framework/Headers\"",
					"\"${PODS_CONFIGURATION_BUILD_DIR}/GoogleSignIn/GoogleSignIn.framework/Headers\"",
					"\"${PODS_CONFIGURATION_BUILD_DIR}/GoogleUtilities/GoogleUtilities.framework/Headers\"",
					"\"${PODS_CONFIGURATION_BUILD_DIR}/RecaptchaInterop/RecaptchaInterop.framework/Headers\"",
					"\"${PODS_CONFIGURATION_BUILD_DIR}/abseil/absl.framework/Headers\"",
					"\"${PODS_CONFIGURATION_BUILD_DIR}/gRPC-C++/grpcpp.framework/Headers\"",
					"\"${PODS_CONFIGURATION_BUILD_DIR}/gRPC-Core/grpc.framework/Headers\"",
					"\"${PODS_CONFIGURATION_BUILD_DIR}/leveldb-library/leveldb.framework/Headers\"",
					"\"${PODS_CONFIGURATION_BUILD_DIR}/nanopb/nanopb.framework/Headers\"",
					"$(SRCROOT)/Pods/nanopb",
				);
				INFOPLIST_FILE = Diploma/Info.plist;
				INFOPLIST_KEY_UIApplicationSceneManifest_Generation = YES;
				INFOPLIST_KEY_UIApplicationSupportsIndirectInputEvents = YES;
				INFOPLIST_KEY_UILaunchScreen_Generation = YES;
				INFOPLIST_KEY_UISupportedInterfaceOrientations_iPad = "UIInterfaceOrientationPortrait UIInterfaceOrientationPortraitUpsideDown UIInterfaceOrientationLandscapeLeft UIInterfaceOrientationLandscapeRight";
				INFOPLIST_KEY_UISupportedInterfaceOrientations_iPhone = "UIInterfaceOrientationPortrait UIInterfaceOrientationLandscapeLeft UIInterfaceOrientationLandscapeRight";
				LD_RUNPATH_SEARCH_PATHS = (
					"$(inherited)",
					"@executable_path/Frameworks",
				);
				MARKETING_VERSION = 1.0;
				PRODUCT_BUNDLE_IDENTIFIER = ios.Diploma;
				PRODUCT_NAME = "$(TARGET_NAME)";
				PROVISIONING_PROFILE_SPECIFIER = "";
				SWIFT_EMIT_LOC_STRINGS = YES;
				SWIFT_VERSION = 5.0;
				TARGETED_DEVICE_FAMILY = "1,2";
			};
			name = Release;
		};
		616EB2FE2D5A7F0E0077EA0E /* Debug */ = {
			isa = XCBuildConfiguration;
			buildSettings = {
				BUNDLE_LOADER = "$(TEST_HOST)";
				CODE_SIGN_STYLE = Automatic;
				CURRENT_PROJECT_VERSION = 1;
				GENERATE_INFOPLIST_FILE = YES;
				IPHONEOS_DEPLOYMENT_TARGET = 18.1;
				MARKETING_VERSION = 1.0;
				PRODUCT_BUNDLE_IDENTIFIER = ios.DiplomaTests;
				PRODUCT_NAME = "$(TARGET_NAME)";
				SWIFT_EMIT_LOC_STRINGS = NO;
				SWIFT_VERSION = 5.0;
				TARGETED_DEVICE_FAMILY = "1,2";
				TEST_HOST = "$(BUILT_PRODUCTS_DIR)/Diploma.app/$(BUNDLE_EXECUTABLE_FOLDER_PATH)/Diploma";
			};
			name = Debug;
		};
		616EB2FF2D5A7F0E0077EA0E /* Release */ = {
			isa = XCBuildConfiguration;
			buildSettings = {
				BUNDLE_LOADER = "$(TEST_HOST)";
				CODE_SIGN_STYLE = Automatic;
				CURRENT_PROJECT_VERSION = 1;
				GENERATE_INFOPLIST_FILE = YES;
				IPHONEOS_DEPLOYMENT_TARGET = 18.1;
				MARKETING_VERSION = 1.0;
				PRODUCT_BUNDLE_IDENTIFIER = ios.DiplomaTests;
				PRODUCT_NAME = "$(TARGET_NAME)";
				SWIFT_EMIT_LOC_STRINGS = NO;
				SWIFT_VERSION = 5.0;
				TARGETED_DEVICE_FAMILY = "1,2";
				TEST_HOST = "$(BUILT_PRODUCTS_DIR)/Diploma.app/$(BUNDLE_EXECUTABLE_FOLDER_PATH)/Diploma";
			};
			name = Release;
		};
		616EB3012D5A7F0E0077EA0E /* Debug */ = {
			isa = XCBuildConfiguration;
			buildSettings = {
				CODE_SIGN_STYLE = Automatic;
				CURRENT_PROJECT_VERSION = 1;
				GENERATE_INFOPLIST_FILE = YES;
				MARKETING_VERSION = 1.0;
				PRODUCT_BUNDLE_IDENTIFIER = ios.DiplomaUITests;
				PRODUCT_NAME = "$(TARGET_NAME)";
				SWIFT_EMIT_LOC_STRINGS = NO;
				SWIFT_VERSION = 5.0;
				TARGETED_DEVICE_FAMILY = "1,2";
				TEST_TARGET_NAME = Diploma;
			};
			name = Debug;
		};
		616EB3022D5A7F0E0077EA0E /* Release */ = {
			isa = XCBuildConfiguration;
			buildSettings = {
				CODE_SIGN_STYLE = Automatic;
				CURRENT_PROJECT_VERSION = 1;
				GENERATE_INFOPLIST_FILE = YES;
				MARKETING_VERSION = 1.0;
				PRODUCT_BUNDLE_IDENTIFIER = ios.DiplomaUITests;
				PRODUCT_NAME = "$(TARGET_NAME)";
				SWIFT_EMIT_LOC_STRINGS = NO;
				SWIFT_VERSION = 5.0;
				TARGETED_DEVICE_FAMILY = "1,2";
				TEST_TARGET_NAME = Diploma;
			};
			name = Release;
		};
/* End XCBuildConfiguration section */

/* Begin XCConfigurationList section */
		616EB2D12D5A7F0C0077EA0E /* Build configuration list for PBXProject "Diploma" */ = {
			isa = XCConfigurationList;
			buildConfigurations = (
				616EB2F82D5A7F0E0077EA0E /* Debug */,
				616EB2F92D5A7F0E0077EA0E /* Release */,
			);
			defaultConfigurationIsVisible = 0;
			defaultConfigurationName = Release;
		};
		616EB2FA2D5A7F0E0077EA0E /* Build configuration list for PBXNativeTarget "Diploma" */ = {
			isa = XCConfigurationList;
			buildConfigurations = (
				616EB2FB2D5A7F0E0077EA0E /* Debug */,
				616EB2FC2D5A7F0E0077EA0E /* Release */,
			);
			defaultConfigurationIsVisible = 0;
			defaultConfigurationName = Release;
		};
		616EB2FD2D5A7F0E0077EA0E /* Build configuration list for PBXNativeTarget "DiplomaTests" */ = {
			isa = XCConfigurationList;
			buildConfigurations = (
				616EB2FE2D5A7F0E0077EA0E /* Debug */,
				616EB2FF2D5A7F0E0077EA0E /* Release */,
			);
			defaultConfigurationIsVisible = 0;
			defaultConfigurationName = Release;
		};
		616EB3002D5A7F0E0077EA0E /* Build configuration list for PBXNativeTarget "DiplomaUITests" */ = {
			isa = XCConfigurationList;
			buildConfigurations = (
				616EB3012D5A7F0E0077EA0E /* Debug */,
				616EB3022D5A7F0E0077EA0E /* Release */,
			);
			defaultConfigurationIsVisible = 0;
			defaultConfigurationName = Release;
		};
/* End XCConfigurationList section */

/* Begin XCRemoteSwiftPackageReference section */
		617E1FD62D6BA99000896075 /* XCRemoteSwiftPackageReference "firebase-ios-sdk" */ = {
			isa = XCRemoteSwiftPackageReference;
			repositoryURL = "https://github.com/firebase/firebase-ios-sdk";
			requirement = {
				kind = upToNextMajorVersion;
				minimumVersion = 11.8.1;
			};
		};
		617E208E2D6BAEF800896075 /* XCRemoteSwiftPackageReference "GoogleSignIn-iOS" */ = {
			isa = XCRemoteSwiftPackageReference;
			repositoryURL = "https://github.com/google/GoogleSignIn-iOS.git";
			requirement = {
				kind = upToNextMajorVersion;
				minimumVersion = 8.0.0;
			};
		};
		6181F8232D627EDB0051AE49 /* XCRemoteSwiftPackageReference "firebase-ios-sdk" */ = {
			isa = XCRemoteSwiftPackageReference;
			repositoryURL = "https://github.com/firebase/firebase-ios-sdk.git";
			requirement = {
				kind = upToNextMajorVersion;
				minimumVersion = 11.8.1;
			};
		};
		6181F8242D627F1B0051AE49 /* XCRemoteSwiftPackageReference "GoogleSignIn-iOS" */ = {
			isa = XCRemoteSwiftPackageReference;
			repositoryURL = "https://github.com/google/GoogleSignIn-iOS";
			requirement = {
				kind = upToNextMajorVersion;
				minimumVersion = 8.0.0;
			};
		};
/* End XCRemoteSwiftPackageReference section */

/* Begin XCSwiftPackageProductDependency section */
		61FCE33C2D6282420007FECB /* FirebaseAnalytics */ = {
			isa = XCSwiftPackageProductDependency;
			package = 6181F8232D627EDB0051AE49 /* XCRemoteSwiftPackageReference "firebase-ios-sdk" */;
			productName = FirebaseAnalytics;
		};
		61FCE33E2D6282420007FECB /* FirebaseAnalyticsOnDeviceConversion */ = {
			isa = XCSwiftPackageProductDependency;
			package = 6181F8232D627EDB0051AE49 /* XCRemoteSwiftPackageReference "firebase-ios-sdk" */;
			productName = FirebaseAnalyticsOnDeviceConversion;
		};
		61FCE3402D6282420007FECB /* FirebaseAnalyticsWithoutAdIdSupport */ = {
			isa = XCSwiftPackageProductDependency;
			package = 6181F8232D627EDB0051AE49 /* XCRemoteSwiftPackageReference "firebase-ios-sdk" */;
			productName = FirebaseAnalyticsWithoutAdIdSupport;
		};
		61FCE3422D6282420007FECB /* FirebaseAppCheck */ = {
			isa = XCSwiftPackageProductDependency;
			package = 6181F8232D627EDB0051AE49 /* XCRemoteSwiftPackageReference "firebase-ios-sdk" */;
			productName = FirebaseAppCheck;
		};
		61FCE3442D6282420007FECB /* FirebaseAppDistribution-Beta */ = {
			isa = XCSwiftPackageProductDependency;
			package = 6181F8232D627EDB0051AE49 /* XCRemoteSwiftPackageReference "firebase-ios-sdk" */;
			productName = "FirebaseAppDistribution-Beta";
		};
		61FCE3462D6282420007FECB /* FirebaseAuth */ = {
			isa = XCSwiftPackageProductDependency;
			package = 6181F8232D627EDB0051AE49 /* XCRemoteSwiftPackageReference "firebase-ios-sdk" */;
			productName = FirebaseAuth;
		};
		61FCE3482D6282420007FECB /* FirebaseAuthCombine-Community */ = {
			isa = XCSwiftPackageProductDependency;
			package = 6181F8232D627EDB0051AE49 /* XCRemoteSwiftPackageReference "firebase-ios-sdk" */;
			productName = "FirebaseAuthCombine-Community";
		};
		61FCE34A2D6282420007FECB /* FirebaseCore */ = {
			isa = XCSwiftPackageProductDependency;
			package = 6181F8232D627EDB0051AE49 /* XCRemoteSwiftPackageReference "firebase-ios-sdk" */;
			productName = FirebaseCore;
		};
		61FCE34C2D6282420007FECB /* FirebaseCrashlytics */ = {
			isa = XCSwiftPackageProductDependency;
			package = 6181F8232D627EDB0051AE49 /* XCRemoteSwiftPackageReference "firebase-ios-sdk" */;
			productName = FirebaseCrashlytics;
		};
		61FCE34E2D6282420007FECB /* FirebaseDatabase */ = {
			isa = XCSwiftPackageProductDependency;
			package = 6181F8232D627EDB0051AE49 /* XCRemoteSwiftPackageReference "firebase-ios-sdk" */;
			productName = FirebaseDatabase;
		};
		61FCE3502D6282420007FECB /* FirebaseDynamicLinks */ = {
			isa = XCSwiftPackageProductDependency;
			package = 6181F8232D627EDB0051AE49 /* XCRemoteSwiftPackageReference "firebase-ios-sdk" */;
			productName = FirebaseDynamicLinks;
		};
		61FCE3522D6282420007FECB /* FirebaseFirestore */ = {
			isa = XCSwiftPackageProductDependency;
			package = 6181F8232D627EDB0051AE49 /* XCRemoteSwiftPackageReference "firebase-ios-sdk" */;
			productName = FirebaseFirestore;
		};
		61FCE3542D6282420007FECB /* FirebaseFirestoreCombine-Community */ = {
			isa = XCSwiftPackageProductDependency;
			package = 6181F8232D627EDB0051AE49 /* XCRemoteSwiftPackageReference "firebase-ios-sdk" */;
			productName = "FirebaseFirestoreCombine-Community";
		};
		61FCE3562D6282420007FECB /* FirebaseFunctions */ = {
			isa = XCSwiftPackageProductDependency;
			package = 6181F8232D627EDB0051AE49 /* XCRemoteSwiftPackageReference "firebase-ios-sdk" */;
			productName = FirebaseFunctions;
		};
		61FCE3582D6282420007FECB /* FirebaseFunctionsCombine-Community */ = {
			isa = XCSwiftPackageProductDependency;
			package = 6181F8232D627EDB0051AE49 /* XCRemoteSwiftPackageReference "firebase-ios-sdk" */;
			productName = "FirebaseFunctionsCombine-Community";
		};
		61FCE35A2D6282420007FECB /* FirebaseInAppMessaging-Beta */ = {
			isa = XCSwiftPackageProductDependency;
			package = 6181F8232D627EDB0051AE49 /* XCRemoteSwiftPackageReference "firebase-ios-sdk" */;
			productName = "FirebaseInAppMessaging-Beta";
		};
		61FCE35C2D6282420007FECB /* FirebaseInstallations */ = {
			isa = XCSwiftPackageProductDependency;
			package = 6181F8232D627EDB0051AE49 /* XCRemoteSwiftPackageReference "firebase-ios-sdk" */;
			productName = FirebaseInstallations;
		};
		61FCE35E2D6282420007FECB /* FirebaseMessaging */ = {
			isa = XCSwiftPackageProductDependency;
			package = 6181F8232D627EDB0051AE49 /* XCRemoteSwiftPackageReference "firebase-ios-sdk" */;
			productName = FirebaseMessaging;
		};
		61FCE3602D6282420007FECB /* FirebaseMLModelDownloader */ = {
			isa = XCSwiftPackageProductDependency;
			package = 6181F8232D627EDB0051AE49 /* XCRemoteSwiftPackageReference "firebase-ios-sdk" */;
			productName = FirebaseMLModelDownloader;
		};
		61FCE3622D6282420007FECB /* FirebasePerformance */ = {
			isa = XCSwiftPackageProductDependency;
			package = 6181F8232D627EDB0051AE49 /* XCRemoteSwiftPackageReference "firebase-ios-sdk" */;
			productName = FirebasePerformance;
		};
		61FCE3642D6282430007FECB /* FirebaseRemoteConfig */ = {
			isa = XCSwiftPackageProductDependency;
			package = 6181F8232D627EDB0051AE49 /* XCRemoteSwiftPackageReference "firebase-ios-sdk" */;
			productName = FirebaseRemoteConfig;
		};
		61FCE3662D6282430007FECB /* FirebaseStorage */ = {
			isa = XCSwiftPackageProductDependency;
			package = 6181F8232D627EDB0051AE49 /* XCRemoteSwiftPackageReference "firebase-ios-sdk" */;
			productName = FirebaseStorage;
		};
		61FCE3682D6282430007FECB /* FirebaseStorageCombine-Community */ = {
			isa = XCSwiftPackageProductDependency;
			package = 6181F8232D627EDB0051AE49 /* XCRemoteSwiftPackageReference "firebase-ios-sdk" */;
			productName = "FirebaseStorageCombine-Community";
		};
		61FCE36A2D6282430007FECB /* FirebaseVertexAI */ = {
			isa = XCSwiftPackageProductDependency;
			package = 6181F8232D627EDB0051AE49 /* XCRemoteSwiftPackageReference "firebase-ios-sdk" */;
			productName = FirebaseVertexAI;
		};
		61FCE36C2D62824A0007FECB /* GoogleSignIn */ = {
			isa = XCSwiftPackageProductDependency;
			package = 6181F8242D627F1B0051AE49 /* XCRemoteSwiftPackageReference "GoogleSignIn-iOS" */;
			productName = GoogleSignIn;
		};
		61FCE36E2D62824A0007FECB /* GoogleSignInSwift */ = {
			isa = XCSwiftPackageProductDependency;
			package = 6181F8242D627F1B0051AE49 /* XCRemoteSwiftPackageReference "GoogleSignIn-iOS" */;
			productName = GoogleSignInSwift;
		};
/* End XCSwiftPackageProductDependency section */
	};
	rootObject = 616EB2CE2D5A7F0C0077EA0E /* Project object */;
}
