// !$*UTF8*$!
{
	archiveVersion = 1;
	classes = {
	};
	objectVersion = 77;
	objects = {

/* Begin PBXBuildFile section */
		D8380FC82DCC01B300BE9037 /* GoogleSignIn in Frameworks */ = {isa = PBXBuildFile; productRef = D8380FC72DCC01B300BE9037 /* GoogleSignIn */; };
		D8380FCA2DCC01B300BE9037 /* GoogleSignInSwift in Frameworks */ = {isa = PBXBuildFile; productRef = D8380FC92DCC01B300BE9037 /* GoogleSignInSwift */; };
		D83CE2702DC8F88B00B48AD1 /* SkeletonUI in Frameworks */ = {isa = PBXBuildFile; productRef = D83CE26F2DC8F88B00B48AD1 /* SkeletonUI */; };
		D8C96A992DBFFBD200E857D9 /* FirebaseAnalytics in Frameworks */ = {isa = PBXBuildFile; productRef = D8C96A982DBFFBD200E857D9 /* FirebaseAnalytics */; };
		D8C96A9B2DBFFBD200E857D9 /* FirebaseAnalyticsOnDeviceConversion in Frameworks */ = {isa = PBXBuildFile; productRef = D8C96A9A2DBFFBD200E857D9 /* FirebaseAnalyticsOnDeviceConversion */; };
		D8C96A9D2DBFFBD200E857D9 /* FirebaseAnalyticsWithoutAdIdSupport in Frameworks */ = {isa = PBXBuildFile; productRef = D8C96A9C2DBFFBD200E857D9 /* FirebaseAnalyticsWithoutAdIdSupport */; };
		D8C96A9F2DBFFBD200E857D9 /* FirebaseAppCheck in Frameworks */ = {isa = PBXBuildFile; productRef = D8C96A9E2DBFFBD200E857D9 /* FirebaseAppCheck */; };
		D8C96AA12DBFFBD200E857D9 /* FirebaseAppDistribution-Beta in Frameworks */ = {isa = PBXBuildFile; productRef = D8C96AA02DBFFBD200E857D9 /* FirebaseAppDistribution-Beta */; };
		D8C96AA32DBFFBD200E857D9 /* FirebaseAuth in Frameworks */ = {isa = PBXBuildFile; productRef = D8C96AA22DBFFBD200E857D9 /* FirebaseAuth */; };
		D8C96AA52DBFFBD200E857D9 /* FirebaseAuthCombine-Community in Frameworks */ = {isa = PBXBuildFile; productRef = D8C96AA42DBFFBD200E857D9 /* FirebaseAuthCombine-Community */; };
		D8C96AA72DBFFBD200E857D9 /* FirebaseCore in Frameworks */ = {isa = PBXBuildFile; productRef = D8C96AA62DBFFBD200E857D9 /* FirebaseCore */; };
		D8C96AA92DBFFBD200E857D9 /* FirebaseCrashlytics in Frameworks */ = {isa = PBXBuildFile; productRef = D8C96AA82DBFFBD200E857D9 /* FirebaseCrashlytics */; };
		D8C96AAB2DBFFBD200E857D9 /* FirebaseDatabase in Frameworks */ = {isa = PBXBuildFile; productRef = D8C96AAA2DBFFBD200E857D9 /* FirebaseDatabase */; };
		D8C96AAD2DBFFBD200E857D9 /* FirebaseDynamicLinks in Frameworks */ = {isa = PBXBuildFile; productRef = D8C96AAC2DBFFBD200E857D9 /* FirebaseDynamicLinks */; };
		D8C96AAF2DBFFBD200E857D9 /* FirebaseFirestore in Frameworks */ = {isa = PBXBuildFile; productRef = D8C96AAE2DBFFBD200E857D9 /* FirebaseFirestore */; };
		D8C96AB12DBFFBD200E857D9 /* FirebaseFirestoreCombine-Community in Frameworks */ = {isa = PBXBuildFile; productRef = D8C96AB02DBFFBD200E857D9 /* FirebaseFirestoreCombine-Community */; };
		D8C96AB32DBFFBD200E857D9 /* FirebaseFunctions in Frameworks */ = {isa = PBXBuildFile; productRef = D8C96AB22DBFFBD200E857D9 /* FirebaseFunctions */; };
		D8C96AB52DBFFBD200E857D9 /* FirebaseFunctionsCombine-Community in Frameworks */ = {isa = PBXBuildFile; productRef = D8C96AB42DBFFBD200E857D9 /* FirebaseFunctionsCombine-Community */; };
		D8C96AB72DBFFBD200E857D9 /* FirebaseInAppMessaging-Beta in Frameworks */ = {isa = PBXBuildFile; productRef = D8C96AB62DBFFBD200E857D9 /* FirebaseInAppMessaging-Beta */; };
		D8C96AB92DBFFBD200E857D9 /* FirebaseInstallations in Frameworks */ = {isa = PBXBuildFile; productRef = D8C96AB82DBFFBD200E857D9 /* FirebaseInstallations */; };
		D8C96ABB2DBFFBD200E857D9 /* FirebaseMLModelDownloader in Frameworks */ = {isa = PBXBuildFile; productRef = D8C96ABA2DBFFBD200E857D9 /* FirebaseMLModelDownloader */; };
		D8C96ABD2DBFFBD200E857D9 /* FirebaseMessaging in Frameworks */ = {isa = PBXBuildFile; productRef = D8C96ABC2DBFFBD200E857D9 /* FirebaseMessaging */; };
		D8C96ABF2DBFFBD200E857D9 /* FirebasePerformance in Frameworks */ = {isa = PBXBuildFile; productRef = D8C96ABE2DBFFBD200E857D9 /* FirebasePerformance */; };
		D8C96AC12DBFFBD200E857D9 /* FirebaseRemoteConfig in Frameworks */ = {isa = PBXBuildFile; productRef = D8C96AC02DBFFBD200E857D9 /* FirebaseRemoteConfig */; };
		D8C96AC32DBFFBD200E857D9 /* FirebaseStorage in Frameworks */ = {isa = PBXBuildFile; productRef = D8C96AC22DBFFBD200E857D9 /* FirebaseStorage */; };
		D8C96AC52DBFFBF800E857D9 /* FirebaseStorageCombine-Community in Frameworks */ = {isa = PBXBuildFile; productRef = D8C96AC42DBFFBF800E857D9 /* FirebaseStorageCombine-Community */; };
		D8C96AC72DBFFBF800E857D9 /* FirebaseVertexAI in Frameworks */ = {isa = PBXBuildFile; productRef = D8C96AC62DBFFBF800E857D9 /* FirebaseVertexAI */; };
		D8F60BDC2DDCDE3E000026D3 /* Kingfisher in Frameworks */ = {isa = PBXBuildFile; productRef = D8F60BDB2DDCDE3E000026D3 /* Kingfisher */; };
/* End PBXBuildFile section */

/* Begin PBXFileReference section */
		D86F91B92DBC19F500DCEE97 /* NewEasyMeal.app */ = {isa = PBXFileReference; explicitFileType = wrapper.application; includeInIndex = 0; path = NewEasyMeal.app; sourceTree = BUILT_PRODUCTS_DIR; };
/* End PBXFileReference section */

/* Begin PBXFileSystemSynchronizedBuildFileExceptionSet section */
		D86F91CB2DBC19F600DCEE97 /* Exceptions for "NewEasyMeal" folder in "NewEasyMeal" target */ = {
			isa = PBXFileSystemSynchronizedBuildFileExceptionSet;
			membershipExceptions = (
				Info.plist,
			);
			target = D86F91B82DBC19F500DCEE97 /* NewEasyMeal */;
		};
/* End PBXFileSystemSynchronizedBuildFileExceptionSet section */

/* Begin PBXFileSystemSynchronizedRootGroup section */
		D86F91BB2DBC19F500DCEE97 /* NewEasyMeal */ = {
			isa = PBXFileSystemSynchronizedRootGroup;
			exceptions = (
				D86F91CB2DBC19F600DCEE97 /* Exceptions for "NewEasyMeal" folder in "NewEasyMeal" target */,
			);
			path = NewEasyMeal;
			sourceTree = "<group>";
		};
/* End PBXFileSystemSynchronizedRootGroup section */

/* Begin PBXFrameworksBuildPhase section */
		D86F91B62DBC19F500DCEE97 /* Frameworks */ = {
			isa = PBXFrameworksBuildPhase;
			buildActionMask = 2147483647;
			files = (
				D83CE2702DC8F88B00B48AD1 /* SkeletonUI in Frameworks */,
				D8C96AB12DBFFBD200E857D9 /* FirebaseFirestoreCombine-Community in Frameworks */,
				D8C96AC72DBFFBF800E857D9 /* FirebaseVertexAI in Frameworks */,
				D8380FC82DCC01B300BE9037 /* GoogleSignIn in Frameworks */,
				D8C96AB32DBFFBD200E857D9 /* FirebaseFunctions in Frameworks */,
				D8C96ABF2DBFFBD200E857D9 /* FirebasePerformance in Frameworks */,
				D8C96AC52DBFFBF800E857D9 /* FirebaseStorageCombine-Community in Frameworks */,
				D8C96AC12DBFFBD200E857D9 /* FirebaseRemoteConfig in Frameworks */,
				D8C96AAB2DBFFBD200E857D9 /* FirebaseDatabase in Frameworks */,
				D8380FCA2DCC01B300BE9037 /* GoogleSignInSwift in Frameworks */,
				D8C96AAD2DBFFBD200E857D9 /* FirebaseDynamicLinks in Frameworks */,
				D8C96A9F2DBFFBD200E857D9 /* FirebaseAppCheck in Frameworks */,
				D8C96AA32DBFFBD200E857D9 /* FirebaseAuth in Frameworks */,
				D8C96A992DBFFBD200E857D9 /* FirebaseAnalytics in Frameworks */,
				D8C96AAF2DBFFBD200E857D9 /* FirebaseFirestore in Frameworks */,
				D8C96ABD2DBFFBD200E857D9 /* FirebaseMessaging in Frameworks */,
				D8F60BDC2DDCDE3E000026D3 /* Kingfisher in Frameworks */,
				D8C96AB92DBFFBD200E857D9 /* FirebaseInstallations in Frameworks */,
				D8C96AB52DBFFBD200E857D9 /* FirebaseFunctionsCombine-Community in Frameworks */,
				D8C96AA12DBFFBD200E857D9 /* FirebaseAppDistribution-Beta in Frameworks */,
				D8C96A9D2DBFFBD200E857D9 /* FirebaseAnalyticsWithoutAdIdSupport in Frameworks */,
				D8C96AB72DBFFBD200E857D9 /* FirebaseInAppMessaging-Beta in Frameworks */,
				D8C96AA52DBFFBD200E857D9 /* FirebaseAuthCombine-Community in Frameworks */,
				D8C96AA92DBFFBD200E857D9 /* FirebaseCrashlytics in Frameworks */,
				D8C96ABB2DBFFBD200E857D9 /* FirebaseMLModelDownloader in Frameworks */,
				D8C96AC32DBFFBD200E857D9 /* FirebaseStorage in Frameworks */,
				D8C96AA72DBFFBD200E857D9 /* FirebaseCore in Frameworks */,
				D8C96A9B2DBFFBD200E857D9 /* FirebaseAnalyticsOnDeviceConversion in Frameworks */,
			);
			runOnlyForDeploymentPostprocessing = 0;
		};
/* End PBXFrameworksBuildPhase section */

/* Begin PBXGroup section */
		D86F91B02DBC19F500DCEE97 = {
			isa = PBXGroup;
			children = (
				D86F91BB2DBC19F500DCEE97 /* NewEasyMeal */,
				D86F91BA2DBC19F500DCEE97 /* Products */,
			);
			sourceTree = "<group>";
		};
		D86F91BA2DBC19F500DCEE97 /* Products */ = {
			isa = PBXGroup;
			children = (
				D86F91B92DBC19F500DCEE97 /* NewEasyMeal.app */,
			);
			name = Products;
			sourceTree = "<group>";
		};
/* End PBXGroup section */

/* Begin PBXNativeTarget section */
		D86F91B82DBC19F500DCEE97 /* NewEasyMeal */ = {
			isa = PBXNativeTarget;
			buildConfigurationList = D86F91CC2DBC19F600DCEE97 /* Build configuration list for PBXNativeTarget "NewEasyMeal" */;
			buildPhases = (
				D86F91B52DBC19F500DCEE97 /* Sources */,
				D86F91B62DBC19F500DCEE97 /* Frameworks */,
				D86F91B72DBC19F500DCEE97 /* Resources */,
			);
			buildRules = (
			);
			dependencies = (
			);
			fileSystemSynchronizedGroups = (
				D86F91BB2DBC19F500DCEE97 /* NewEasyMeal */,
			);
			name = NewEasyMeal;
			packageProductDependencies = (
				D8C96A982DBFFBD200E857D9 /* FirebaseAnalytics */,
				D8C96A9A2DBFFBD200E857D9 /* FirebaseAnalyticsOnDeviceConversion */,
				D8C96A9C2DBFFBD200E857D9 /* FirebaseAnalyticsWithoutAdIdSupport */,
				D8C96A9E2DBFFBD200E857D9 /* FirebaseAppCheck */,
				D8C96AA02DBFFBD200E857D9 /* FirebaseAppDistribution-Beta */,
				D8C96AA22DBFFBD200E857D9 /* FirebaseAuth */,
				D8C96AA42DBFFBD200E857D9 /* FirebaseAuthCombine-Community */,
				D8C96AA62DBFFBD200E857D9 /* FirebaseCore */,
				D8C96AA82DBFFBD200E857D9 /* FirebaseCrashlytics */,
				D8C96AAA2DBFFBD200E857D9 /* FirebaseDatabase */,
				D8C96AAC2DBFFBD200E857D9 /* FirebaseDynamicLinks */,
				D8C96AAE2DBFFBD200E857D9 /* FirebaseFirestore */,
				D8C96AB02DBFFBD200E857D9 /* FirebaseFirestoreCombine-Community */,
				D8C96AB22DBFFBD200E857D9 /* FirebaseFunctions */,
				D8C96AB42DBFFBD200E857D9 /* FirebaseFunctionsCombine-Community */,
				D8C96AB62DBFFBD200E857D9 /* FirebaseInAppMessaging-Beta */,
				D8C96AB82DBFFBD200E857D9 /* FirebaseInstallations */,
				D8C96ABA2DBFFBD200E857D9 /* FirebaseMLModelDownloader */,
				D8C96ABC2DBFFBD200E857D9 /* FirebaseMessaging */,
				D8C96ABE2DBFFBD200E857D9 /* FirebasePerformance */,
				D8C96AC02DBFFBD200E857D9 /* FirebaseRemoteConfig */,
				D8C96AC22DBFFBD200E857D9 /* FirebaseStorage */,
				D8C96AC42DBFFBF800E857D9 /* FirebaseStorageCombine-Community */,
				D8C96AC62DBFFBF800E857D9 /* FirebaseVertexAI */,
				D83CE26F2DC8F88B00B48AD1 /* SkeletonUI */,
				D8380FC72DCC01B300BE9037 /* GoogleSignIn */,
				D8380FC92DCC01B300BE9037 /* GoogleSignInSwift */,
				D8F60BDB2DDCDE3E000026D3 /* Kingfisher */,
			);
			productName = NewEasyMeal;
			productReference = D86F91B92DBC19F500DCEE97 /* NewEasyMeal.app */;
			productType = "com.apple.product-type.application";
		};
/* End PBXNativeTarget section */

/* Begin PBXProject section */
		D86F91B12DBC19F500DCEE97 /* Project object */ = {
			isa = PBXProject;
			attributes = {
				BuildIndependentTargetsInParallel = 1;
				LastSwiftUpdateCheck = 1630;
				LastUpgradeCheck = 1630;
				TargetAttributes = {
					D86F91B82DBC19F500DCEE97 = {
						CreatedOnToolsVersion = 16.3;
					};
				};
			};
			buildConfigurationList = D86F91B42DBC19F500DCEE97 /* Build configuration list for PBXProject "NewEasyMeal" */;
			developmentRegion = en;
			hasScannedForEncodings = 0;
			knownRegions = (
				en,
				Base,
			);
			mainGroup = D86F91B02DBC19F500DCEE97;
			minimizedProjectReferenceProxies = 1;
			packageReferences = (
				D8C96A972DBFFBD200E857D9 /* XCRemoteSwiftPackageReference "firebase-ios-sdk" */,
				D83CE26E2DC8F88B00B48AD1 /* XCRemoteSwiftPackageReference "SkeletonUI" */,
				D8380FC62DCC01B300BE9037 /* XCRemoteSwiftPackageReference "GoogleSignIn-iOS" */,
				D8F60BDA2DDCDE3E000026D3 /* XCRemoteSwiftPackageReference "Kingfisher" */,
			);
			preferredProjectObjectVersion = 77;
			productRefGroup = D86F91BA2DBC19F500DCEE97 /* Products */;
			projectDirPath = "";
			projectRoot = "";
			targets = (
				D86F91B82DBC19F500DCEE97 /* NewEasyMeal */,
			);
		};
/* End PBXProject section */

/* Begin PBXResourcesBuildPhase section */
		D86F91B72DBC19F500DCEE97 /* Resources */ = {
			isa = PBXResourcesBuildPhase;
			buildActionMask = 2147483647;
			files = (
			);
			runOnlyForDeploymentPostprocessing = 0;
		};
/* End PBXResourcesBuildPhase section */

/* Begin PBXSourcesBuildPhase section */
		D86F91B52DBC19F500DCEE97 /* Sources */ = {
			isa = PBXSourcesBuildPhase;
			buildActionMask = 2147483647;
			files = (
			);
			runOnlyForDeploymentPostprocessing = 0;
		};
/* End PBXSourcesBuildPhase section */

/* Begin XCBuildConfiguration section */
		D86F91CD2DBC19F600DCEE97 /* Debug */ = {
			isa = XCBuildConfiguration;
			buildSettings = {
				ASSETCATALOG_COMPILER_APPICON_NAME = AppIcon;
				ASSETCATALOG_COMPILER_GLOBAL_ACCENT_COLOR_NAME = AccentColor;
				CODE_SIGN_STYLE = Automatic;
				CURRENT_PROJECT_VERSION = 1;
				DEVELOPMENT_TEAM = 2AQ9W7SL2S;
				GENERATE_INFOPLIST_FILE = YES;
				INFOPLIST_FILE = NewEasyMeal/Info.plist;
				INFOPLIST_KEY_UIApplicationSupportsIndirectInputEvents = YES;
				INFOPLIST_KEY_UILaunchStoryboardName = LaunchScreen;
				INFOPLIST_KEY_UISupportedInterfaceOrientations_iPad = "UIInterfaceOrientationPortrait UIInterfaceOrientationPortraitUpsideDown UIInterfaceOrientationLandscapeLeft UIInterfaceOrientationLandscapeRight";
				INFOPLIST_KEY_UISupportedInterfaceOrientations_iPhone = "UIInterfaceOrientationPortrait UIInterfaceOrientationLandscapeLeft UIInterfaceOrientationLandscapeRight";
				INFOPLIST_KEY_UIUserInterfaceStyle = light;
				IPHONEOS_DEPLOYMENT_TARGET = 17.0;
				LD_RUNPATH_SEARCH_PATHS = (
					"$(inherited)",
					"@executable_path/Frameworks",
				);
				MARKETING_VERSION = 1.0;
				PRODUCT_BUNDLE_IDENTIFIER = com.ali.NewEasyMeal;
				PRODUCT_NAME = "$(TARGET_NAME)";
				SUPPORTED_PLATFORMS = "iphoneos iphonesimulator";
				SUPPORTS_MACCATALYST = NO;
				SUPPORTS_MAC_DESIGNED_FOR_IPHONE_IPAD = NO;
				SUPPORTS_XR_DESIGNED_FOR_IPHONE_IPAD = NO;
				SWIFT_EMIT_LOC_STRINGS = YES;
				SWIFT_VERSION = 5.0;
				TARGETED_DEVICE_FAMILY = "1,2";
			};
			name = Debug;
		};
		D86F91CE2DBC19F600DCEE97 /* Release */ = {
			isa = XCBuildConfiguration;
			buildSettings = {
				ASSETCATALOG_COMPILER_APPICON_NAME = AppIcon;
				ASSETCATALOG_COMPILER_GLOBAL_ACCENT_COLOR_NAME = AccentColor;
				CODE_SIGN_STYLE = Automatic;
				CURRENT_PROJECT_VERSION = 1;
				DEVELOPMENT_TEAM = 2AQ9W7SL2S;
				GENERATE_INFOPLIST_FILE = YES;
				INFOPLIST_FILE = NewEasyMeal/Info.plist;
				INFOPLIST_KEY_UIApplicationSupportsIndirectInputEvents = YES;
				INFOPLIST_KEY_UILaunchStoryboardName = LaunchScreen;
				INFOPLIST_KEY_UISupportedInterfaceOrientations_iPad = "UIInterfaceOrientationPortrait UIInterfaceOrientationPortraitUpsideDown UIInterfaceOrientationLandscapeLeft UIInterfaceOrientationLandscapeRight";
				INFOPLIST_KEY_UISupportedInterfaceOrientations_iPhone = "UIInterfaceOrientationPortrait UIInterfaceOrientationLandscapeLeft UIInterfaceOrientationLandscapeRight";
				INFOPLIST_KEY_UIUserInterfaceStyle = light;
				IPHONEOS_DEPLOYMENT_TARGET = 17.0;
				LD_RUNPATH_SEARCH_PATHS = (
					"$(inherited)",
					"@executable_path/Frameworks",
				);
				MARKETING_VERSION = 1.0;
				PRODUCT_BUNDLE_IDENTIFIER = com.ali.NewEasyMeal;
				PRODUCT_NAME = "$(TARGET_NAME)";
				SUPPORTED_PLATFORMS = "iphoneos iphonesimulator";
				SUPPORTS_MACCATALYST = NO;
				SUPPORTS_MAC_DESIGNED_FOR_IPHONE_IPAD = NO;
				SUPPORTS_XR_DESIGNED_FOR_IPHONE_IPAD = NO;
				SWIFT_EMIT_LOC_STRINGS = YES;
				SWIFT_VERSION = 5.0;
				TARGETED_DEVICE_FAMILY = "1,2";
			};
			name = Release;
		};
		D86F91CF2DBC19F600DCEE97 /* Debug */ = {
			isa = XCBuildConfiguration;
			buildSettings = {
				ALWAYS_SEARCH_USER_PATHS = NO;
				ASSETCATALOG_COMPILER_GENERATE_SWIFT_ASSET_SYMBOL_EXTENSIONS = YES;
				CLANG_ANALYZER_NONNULL = YES;
				CLANG_ANALYZER_NUMBER_OBJECT_CONVERSION = YES_AGGRESSIVE;
				CLANG_CXX_LANGUAGE_STANDARD = "gnu++20";
				CLANG_ENABLE_MODULES = YES;
				CLANG_ENABLE_OBJC_ARC = YES;
				CLANG_ENABLE_OBJC_WEAK = YES;
				CLANG_WARN_BLOCK_CAPTURE_AUTORELEASING = YES;
				CLANG_WARN_BOOL_CONVERSION = YES;
				CLANG_WARN_COMMA = YES;
				CLANG_WARN_CONSTANT_CONVERSION = YES;
				CLANG_WARN_DEPRECATED_OBJC_IMPLEMENTATIONS = YES;
				CLANG_WARN_DIRECT_OBJC_ISA_USAGE = YES_ERROR;
				CLANG_WARN_DOCUMENTATION_COMMENTS = YES;
				CLANG_WARN_EMPTY_BODY = YES;
				CLANG_WARN_ENUM_CONVERSION = YES;
				CLANG_WARN_INFINITE_RECURSION = YES;
				CLANG_WARN_INT_CONVERSION = YES;
				CLANG_WARN_NON_LITERAL_NULL_CONVERSION = YES;
				CLANG_WARN_OBJC_IMPLICIT_RETAIN_SELF = YES;
				CLANG_WARN_OBJC_LITERAL_CONVERSION = YES;
				CLANG_WARN_OBJC_ROOT_CLASS = YES_ERROR;
				CLANG_WARN_QUOTED_INCLUDE_IN_FRAMEWORK_HEADER = YES;
				CLANG_WARN_RANGE_LOOP_ANALYSIS = YES;
				CLANG_WARN_STRICT_PROTOTYPES = YES;
				CLANG_WARN_SUSPICIOUS_MOVE = YES;
				CLANG_WARN_UNGUARDED_AVAILABILITY = YES_AGGRESSIVE;
				CLANG_WARN_UNREACHABLE_CODE = YES;
				CLANG_WARN__DUPLICATE_METHOD_MATCH = YES;
				COPY_PHASE_STRIP = NO;
				DEBUG_INFORMATION_FORMAT = dwarf;
				DEVELOPMENT_TEAM = 8BB3UWB5NY;
				ENABLE_STRICT_OBJC_MSGSEND = YES;
				ENABLE_TESTABILITY = YES;
				ENABLE_USER_SCRIPT_SANDBOXING = YES;
				GCC_C_LANGUAGE_STANDARD = gnu17;
				GCC_DYNAMIC_NO_PIC = NO;
				GCC_NO_COMMON_BLOCKS = YES;
				GCC_OPTIMIZATION_LEVEL = 0;
				GCC_PREPROCESSOR_DEFINITIONS = (
					"DEBUG=1",
					"$(inherited)",
				);
				GCC_WARN_64_TO_32_BIT_CONVERSION = YES;
				GCC_WARN_ABOUT_RETURN_TYPE = YES_ERROR;
				GCC_WARN_UNDECLARED_SELECTOR = YES;
				GCC_WARN_UNINITIALIZED_AUTOS = YES_AGGRESSIVE;
				GCC_WARN_UNUSED_FUNCTION = YES;
				GCC_WARN_UNUSED_VARIABLE = YES;
				IPHONEOS_DEPLOYMENT_TARGET = 18.4;
				LOCALIZATION_PREFERS_STRING_CATALOGS = YES;
				MTL_ENABLE_DEBUG_INFO = INCLUDE_SOURCE;
				MTL_FAST_MATH = YES;
				ONLY_ACTIVE_ARCH = YES;
				SDKROOT = iphoneos;
				SWIFT_ACTIVE_COMPILATION_CONDITIONS = "DEBUG $(inherited)";
				SWIFT_OPTIMIZATION_LEVEL = "-Onone";
			};
			name = Debug;
		};
		D86F91D02DBC19F600DCEE97 /* Release */ = {
			isa = XCBuildConfiguration;
			buildSettings = {
				ALWAYS_SEARCH_USER_PATHS = NO;
				ASSETCATALOG_COMPILER_GENERATE_SWIFT_ASSET_SYMBOL_EXTENSIONS = YES;
				CLANG_ANALYZER_NONNULL = YES;
				CLANG_ANALYZER_NUMBER_OBJECT_CONVERSION = YES_AGGRESSIVE;
				CLANG_CXX_LANGUAGE_STANDARD = "gnu++20";
				CLANG_ENABLE_MODULES = YES;
				CLANG_ENABLE_OBJC_ARC = YES;
				CLANG_ENABLE_OBJC_WEAK = YES;
				CLANG_WARN_BLOCK_CAPTURE_AUTORELEASING = YES;
				CLANG_WARN_BOOL_CONVERSION = YES;
				CLANG_WARN_COMMA = YES;
				CLANG_WARN_CONSTANT_CONVERSION = YES;
				CLANG_WARN_DEPRECATED_OBJC_IMPLEMENTATIONS = YES;
				CLANG_WARN_DIRECT_OBJC_ISA_USAGE = YES_ERROR;
				CLANG_WARN_DOCUMENTATION_COMMENTS = YES;
				CLANG_WARN_EMPTY_BODY = YES;
				CLANG_WARN_ENUM_CONVERSION = YES;
				CLANG_WARN_INFINITE_RECURSION = YES;
				CLANG_WARN_INT_CONVERSION = YES;
				CLANG_WARN_NON_LITERAL_NULL_CONVERSION = YES;
				CLANG_WARN_OBJC_IMPLICIT_RETAIN_SELF = YES;
				CLANG_WARN_OBJC_LITERAL_CONVERSION = YES;
				CLANG_WARN_OBJC_ROOT_CLASS = YES_ERROR;
				CLANG_WARN_QUOTED_INCLUDE_IN_FRAMEWORK_HEADER = YES;
				CLANG_WARN_RANGE_LOOP_ANALYSIS = YES;
				CLANG_WARN_STRICT_PROTOTYPES = YES;
				CLANG_WARN_SUSPICIOUS_MOVE = YES;
				CLANG_WARN_UNGUARDED_AVAILABILITY = YES_AGGRESSIVE;
				CLANG_WARN_UNREACHABLE_CODE = YES;
				CLANG_WARN__DUPLICATE_METHOD_MATCH = YES;
				COPY_PHASE_STRIP = NO;
				DEBUG_INFORMATION_FORMAT = "dwarf-with-dsym";
				DEVELOPMENT_TEAM = 8BB3UWB5NY;
				ENABLE_NS_ASSERTIONS = NO;
				ENABLE_STRICT_OBJC_MSGSEND = YES;
				ENABLE_USER_SCRIPT_SANDBOXING = YES;
				GCC_C_LANGUAGE_STANDARD = gnu17;
				GCC_NO_COMMON_BLOCKS = YES;
				GCC_WARN_64_TO_32_BIT_CONVERSION = YES;
				GCC_WARN_ABOUT_RETURN_TYPE = YES_ERROR;
				GCC_WARN_UNDECLARED_SELECTOR = YES;
				GCC_WARN_UNINITIALIZED_AUTOS = YES_AGGRESSIVE;
				GCC_WARN_UNUSED_FUNCTION = YES;
				GCC_WARN_UNUSED_VARIABLE = YES;
				IPHONEOS_DEPLOYMENT_TARGET = 18.4;
				LOCALIZATION_PREFERS_STRING_CATALOGS = YES;
				MTL_ENABLE_DEBUG_INFO = NO;
				MTL_FAST_MATH = YES;
				SDKROOT = iphoneos;
				SWIFT_COMPILATION_MODE = wholemodule;
				VALIDATE_PRODUCT = YES;
			};
			name = Release;
		};
/* End XCBuildConfiguration section */

/* Begin XCConfigurationList section */
		D86F91B42DBC19F500DCEE97 /* Build configuration list for PBXProject "NewEasyMeal" */ = {
			isa = XCConfigurationList;
			buildConfigurations = (
				D86F91CF2DBC19F600DCEE97 /* Debug */,
				D86F91D02DBC19F600DCEE97 /* Release */,
			);
			defaultConfigurationIsVisible = 0;
			defaultConfigurationName = Release;
		};
		D86F91CC2DBC19F600DCEE97 /* Build configuration list for PBXNativeTarget "NewEasyMeal" */ = {
			isa = XCConfigurationList;
			buildConfigurations = (
				D86F91CD2DBC19F600DCEE97 /* Debug */,
				D86F91CE2DBC19F600DCEE97 /* Release */,
			);
			defaultConfigurationIsVisible = 0;
			defaultConfigurationName = Release;
		};
/* End XCConfigurationList section */

/* Begin XCRemoteSwiftPackageReference section */
		D8380FC62DCC01B300BE9037 /* XCRemoteSwiftPackageReference "GoogleSignIn-iOS" */ = {
			isa = XCRemoteSwiftPackageReference;
			repositoryURL = "https://github.com/google/GoogleSignIn-iOS";
			requirement = {
				kind = upToNextMajorVersion;
				minimumVersion = 8.0.0;
			};
		};
		D83CE26E2DC8F88B00B48AD1 /* XCRemoteSwiftPackageReference "SkeletonUI" */ = {
			isa = XCRemoteSwiftPackageReference;
			repositoryURL = "https://github.com/CSolanaM/SkeletonUI.git";
			requirement = {
				kind = upToNextMajorVersion;
				minimumVersion = 2.0.2;
			};
		};
		D8C96A972DBFFBD200E857D9 /* XCRemoteSwiftPackageReference "firebase-ios-sdk" */ = {
			isa = XCRemoteSwiftPackageReference;
			repositoryURL = "https://github.com/firebase/firebase-ios-sdk";
			requirement = {
				kind = upToNextMajorVersion;
				minimumVersion = 11.12.0;
			};
		};
		D8F60BDA2DDCDE3E000026D3 /* XCRemoteSwiftPackageReference "Kingfisher" */ = {
			isa = XCRemoteSwiftPackageReference;
			repositoryURL = "https://github.com/onevcat/Kingfisher.git";
			requirement = {
				kind = upToNextMajorVersion;
				minimumVersion = 8.3.2;
			};
		};
/* End XCRemoteSwiftPackageReference section */

/* Begin XCSwiftPackageProductDependency section */
		D8380FC72DCC01B300BE9037 /* GoogleSignIn */ = {
			isa = XCSwiftPackageProductDependency;
			package = D8380FC62DCC01B300BE9037 /* XCRemoteSwiftPackageReference "GoogleSignIn-iOS" */;
			productName = GoogleSignIn;
		};
		D8380FC92DCC01B300BE9037 /* GoogleSignInSwift */ = {
			isa = XCSwiftPackageProductDependency;
			package = D8380FC62DCC01B300BE9037 /* XCRemoteSwiftPackageReference "GoogleSignIn-iOS" */;
			productName = GoogleSignInSwift;
		};
		D83CE26F2DC8F88B00B48AD1 /* SkeletonUI */ = {
			isa = XCSwiftPackageProductDependency;
			package = D83CE26E2DC8F88B00B48AD1 /* XCRemoteSwiftPackageReference "SkeletonUI" */;
			productName = SkeletonUI;
		};
		D8C96A982DBFFBD200E857D9 /* FirebaseAnalytics */ = {
			isa = XCSwiftPackageProductDependency;
			package = D8C96A972DBFFBD200E857D9 /* XCRemoteSwiftPackageReference "firebase-ios-sdk" */;
			productName = FirebaseAnalytics;
		};
		D8C96A9A2DBFFBD200E857D9 /* FirebaseAnalyticsOnDeviceConversion */ = {
			isa = XCSwiftPackageProductDependency;
			package = D8C96A972DBFFBD200E857D9 /* XCRemoteSwiftPackageReference "firebase-ios-sdk" */;
			productName = FirebaseAnalyticsOnDeviceConversion;
		};
		D8C96A9C2DBFFBD200E857D9 /* FirebaseAnalyticsWithoutAdIdSupport */ = {
			isa = XCSwiftPackageProductDependency;
			package = D8C96A972DBFFBD200E857D9 /* XCRemoteSwiftPackageReference "firebase-ios-sdk" */;
			productName = FirebaseAnalyticsWithoutAdIdSupport;
		};
		D8C96A9E2DBFFBD200E857D9 /* FirebaseAppCheck */ = {
			isa = XCSwiftPackageProductDependency;
			package = D8C96A972DBFFBD200E857D9 /* XCRemoteSwiftPackageReference "firebase-ios-sdk" */;
			productName = FirebaseAppCheck;
		};
		D8C96AA02DBFFBD200E857D9 /* FirebaseAppDistribution-Beta */ = {
			isa = XCSwiftPackageProductDependency;
			package = D8C96A972DBFFBD200E857D9 /* XCRemoteSwiftPackageReference "firebase-ios-sdk" */;
			productName = "FirebaseAppDistribution-Beta";
		};
		D8C96AA22DBFFBD200E857D9 /* FirebaseAuth */ = {
			isa = XCSwiftPackageProductDependency;
			package = D8C96A972DBFFBD200E857D9 /* XCRemoteSwiftPackageReference "firebase-ios-sdk" */;
			productName = FirebaseAuth;
		};
		D8C96AA42DBFFBD200E857D9 /* FirebaseAuthCombine-Community */ = {
			isa = XCSwiftPackageProductDependency;
			package = D8C96A972DBFFBD200E857D9 /* XCRemoteSwiftPackageReference "firebase-ios-sdk" */;
			productName = "FirebaseAuthCombine-Community";
		};
		D8C96AA62DBFFBD200E857D9 /* FirebaseCore */ = {
			isa = XCSwiftPackageProductDependency;
			package = D8C96A972DBFFBD200E857D9 /* XCRemoteSwiftPackageReference "firebase-ios-sdk" */;
			productName = FirebaseCore;
		};
		D8C96AA82DBFFBD200E857D9 /* FirebaseCrashlytics */ = {
			isa = XCSwiftPackageProductDependency;
			package = D8C96A972DBFFBD200E857D9 /* XCRemoteSwiftPackageReference "firebase-ios-sdk" */;
			productName = FirebaseCrashlytics;
		};
		D8C96AAA2DBFFBD200E857D9 /* FirebaseDatabase */ = {
			isa = XCSwiftPackageProductDependency;
			package = D8C96A972DBFFBD200E857D9 /* XCRemoteSwiftPackageReference "firebase-ios-sdk" */;
			productName = FirebaseDatabase;
		};
		D8C96AAC2DBFFBD200E857D9 /* FirebaseDynamicLinks */ = {
			isa = XCSwiftPackageProductDependency;
			package = D8C96A972DBFFBD200E857D9 /* XCRemoteSwiftPackageReference "firebase-ios-sdk" */;
			productName = FirebaseDynamicLinks;
		};
		D8C96AAE2DBFFBD200E857D9 /* FirebaseFirestore */ = {
			isa = XCSwiftPackageProductDependency;
			package = D8C96A972DBFFBD200E857D9 /* XCRemoteSwiftPackageReference "firebase-ios-sdk" */;
			productName = FirebaseFirestore;
		};
		D8C96AB02DBFFBD200E857D9 /* FirebaseFirestoreCombine-Community */ = {
			isa = XCSwiftPackageProductDependency;
			package = D8C96A972DBFFBD200E857D9 /* XCRemoteSwiftPackageReference "firebase-ios-sdk" */;
			productName = "FirebaseFirestoreCombine-Community";
		};
		D8C96AB22DBFFBD200E857D9 /* FirebaseFunctions */ = {
			isa = XCSwiftPackageProductDependency;
			package = D8C96A972DBFFBD200E857D9 /* XCRemoteSwiftPackageReference "firebase-ios-sdk" */;
			productName = FirebaseFunctions;
		};
		D8C96AB42DBFFBD200E857D9 /* FirebaseFunctionsCombine-Community */ = {
			isa = XCSwiftPackageProductDependency;
			package = D8C96A972DBFFBD200E857D9 /* XCRemoteSwiftPackageReference "firebase-ios-sdk" */;
			productName = "FirebaseFunctionsCombine-Community";
		};
		D8C96AB62DBFFBD200E857D9 /* FirebaseInAppMessaging-Beta */ = {
			isa = XCSwiftPackageProductDependency;
			package = D8C96A972DBFFBD200E857D9 /* XCRemoteSwiftPackageReference "firebase-ios-sdk" */;
			productName = "FirebaseInAppMessaging-Beta";
		};
		D8C96AB82DBFFBD200E857D9 /* FirebaseInstallations */ = {
			isa = XCSwiftPackageProductDependency;
			package = D8C96A972DBFFBD200E857D9 /* XCRemoteSwiftPackageReference "firebase-ios-sdk" */;
			productName = FirebaseInstallations;
		};
		D8C96ABA2DBFFBD200E857D9 /* FirebaseMLModelDownloader */ = {
			isa = XCSwiftPackageProductDependency;
			package = D8C96A972DBFFBD200E857D9 /* XCRemoteSwiftPackageReference "firebase-ios-sdk" */;
			productName = FirebaseMLModelDownloader;
		};
		D8C96ABC2DBFFBD200E857D9 /* FirebaseMessaging */ = {
			isa = XCSwiftPackageProductDependency;
			package = D8C96A972DBFFBD200E857D9 /* XCRemoteSwiftPackageReference "firebase-ios-sdk" */;
			productName = FirebaseMessaging;
		};
		D8C96ABE2DBFFBD200E857D9 /* FirebasePerformance */ = {
			isa = XCSwiftPackageProductDependency;
			package = D8C96A972DBFFBD200E857D9 /* XCRemoteSwiftPackageReference "firebase-ios-sdk" */;
			productName = FirebasePerformance;
		};
		D8C96AC02DBFFBD200E857D9 /* FirebaseRemoteConfig */ = {
			isa = XCSwiftPackageProductDependency;
			package = D8C96A972DBFFBD200E857D9 /* XCRemoteSwiftPackageReference "firebase-ios-sdk" */;
			productName = FirebaseRemoteConfig;
		};
		D8C96AC22DBFFBD200E857D9 /* FirebaseStorage */ = {
			isa = XCSwiftPackageProductDependency;
			package = D8C96A972DBFFBD200E857D9 /* XCRemoteSwiftPackageReference "firebase-ios-sdk" */;
			productName = FirebaseStorage;
		};
		D8C96AC42DBFFBF800E857D9 /* FirebaseStorageCombine-Community */ = {
			isa = XCSwiftPackageProductDependency;
			package = D8C96A972DBFFBD200E857D9 /* XCRemoteSwiftPackageReference "firebase-ios-sdk" */;
			productName = "FirebaseStorageCombine-Community";
		};
		D8C96AC62DBFFBF800E857D9 /* FirebaseVertexAI */ = {
			isa = XCSwiftPackageProductDependency;
			package = D8C96A972DBFFBD200E857D9 /* XCRemoteSwiftPackageReference "firebase-ios-sdk" */;
			productName = FirebaseVertexAI;
		};
		D8F60BDB2DDCDE3E000026D3 /* Kingfisher */ = {
			isa = XCSwiftPackageProductDependency;
			package = D8F60BDA2DDCDE3E000026D3 /* XCRemoteSwiftPackageReference "Kingfisher" */;
			productName = Kingfisher;
		};
/* End XCSwiftPackageProductDependency section */
	};
	rootObject = D86F91B12DBC19F500DCEE97 /* Project object */;
}
